
Microsoft Visual Studio Solution File, Format Version 12.00
# Visual Studio Version 17
VisualStudioVersion = 17.5.33516.290
MinimumVisualStudioVersion = 10.0.40219.1
Project("{FAE04EC0-301F-11D3-BF4B-00C04F79EFBC}") = "TablasDeMultiplicar", "TablasDeMultiplicar\TablasDeMultiplicar.csproj", "{EDF75A62-BFB0-42ED-A05E-E0A765AC6FF5}"
EndProject
Project("{FAE04EC0-301F-11D3-BF4B-00C04F79EFBC}") = "AsyncAwait", "AsyncAwait\AsyncAwait.csproj", "{4A60934D-357E-4C75-B7E3-F77BC0303A34}"
EndProject
Global
	GlobalSection(SolutionConfigurationPlatforms) = preSolution
		Debug|Any CPU = Debug|Any CPU
		Release|Any CPU = Release|Any CPU
	EndGlobalSection
	GlobalSection(ProjectConfigurationPlatforms) = postSolution
		{EDF75A62-BFB0-42ED-A05E-E0A765AC6FF5}.Debug|Any CPU.ActiveCfg = Debug|Any CPU
		{EDF75A62-BFB0-42ED-A05E-E0A765AC6FF5}.Debug|Any CPU.Build.0 = Debug|Any CPU
		{EDF75A62-BFB0-42ED-A05E-E0A765AC6FF5}.Release|Any CPU.ActiveCfg = Release|Any CPU
		{EDF75A62-BFB0-42ED-A05E-E0A765AC6FF5}.Release|Any CPU.Build.0 = Release|Any CPU
		{4A60934D-357E-4C75-B7E3-F77BC0303A34}.Debug|Any CPU.ActiveCfg = Debug|Any CPU
		{4A60934D-357E-4C75-B7E3-F77BC0303A34}.Debug|Any CPU.Build.0 = Debug|Any CPU
		{4A60934D-357E-4C75-B7E3-F77BC0303A34}.Release|Any CPU.ActiveCfg = Release|Any CPU
		{4A60934D-357E-4C75-B7E3-F77BC0303A34}.Release|Any CPU.Build.0 = Release|Any CPU
	EndGlobalSection
	GlobalSection(SolutionProperties) = preSolution
		HideSolutionNode = FALSE
	EndGlobalSection
	GlobalSection(ExtensibilityGlobals) = postSolution
		SolutionGuid = {ED59107A-967B-4B08-B66E-6AE7D9CD0C98}
	EndGlobalSection
EndGlobal
